schema = 1

[verification]
fstar = "2026.07.05"
fstar_commit = "2173bc4316a51f01754f10bf94f697aba083c2e0"
fstar_sha256 = "23829d496c909c67f7261c1471be34047ad0d508ee0b933607618b313cbae1a4"
z3 = "4.13.3"

[runtime]
ocaml = "4.14.1"
dune = "3.24.1"
zarith = "1.14"
yojson = "2.2.2"
flint = "3.0.1"
flint_sha256 = "7b311a00503a863881eb8177dbeb84322f29399f3d7d72f3b1a4c9ba1d5794b4"
gmp = "6.3.0"
gmp_sha256 = "a3c2b80201b89e68616f4ad30bc66aee4927c3ce50e33929ca819d5c43538898"
mpfr = "4.2.2"
mpfr_sha256 = "b67ba0383ef7e8a8563734e2e889ef5ec3c3b898a01d00fa0a6869ad81c6ce01"

[test]
alcotest = "1.9.1"
qcheck = "0.91"

[development]
ocamlformat = "0.29.0"

[laboratory]
julia = "1.12.6"
nemo = "0.56.1"
json3 = "1.14.3"
